{
	"name": "uni-virtualizer-examples",
	"version": "0.1.0",
	"lockfileVersion": 1,
	"requires": true,
	"dependencies": {
		"@babel/code-frame": {
			"version": "7.10.4",
			"resolved": "https://registry.npmjs.org/@babel/code-frame/-/code-frame-7.10.4.tgz",
			"integrity": "sha512-vG6SvB6oYEhvgisZNFRmRCUkLz11c7rp+tbNTynGqc6mS1d5ATd/sGyV6W0KZZnXRKMTzZDRgQT3Ou9jhpAfUg==",
			"dev": true,
			"requires": {
				"@babel/highlight": "^7.10.4"
			}
		},
		"@babel/helper-validator-identifier": {
			"version": "7.10.4",
			"resolved": "https://registry.npmjs.org/@babel/helper-validator-identifier/-/helper-validator-identifier-7.10.4.tgz",
			"integrity": "sha512-3U9y+43hz7ZM+rzG24Qe2mufW5KhvFg/NhnNph+i9mgCtdTCtMJuI1TMkrIUiK7Ix4PYlRF9I5dhqaLYA/ADXw==",
			"dev": true
		},
		"@babel/highlight": {
			"version": "7.10.4",
			"resolved": "https://registry.npmjs.org/@babel/highlight/-/highlight-7.10.4.tgz",
			"integrity": "sha512-i6rgnR/YgPEQzZZnbTHHuZdlE8qyoBNalD6F+q4vAFlcMEcqmkoG+mPqJYJCo63qPf74+Y1UZsl3l6f7/RIkmA==",
			"dev": true,
			"requires": {
				"@babel/helper-validator-identifier": "^7.10.4",
				"chalk": "^2.0.0",
				"js-tokens": "^4.0.0"
			}
		},
		"@types/estree": {
			"version": "0.0.45",
			"resolved": "https://registry.npmjs.org/@types/estree/-/estree-0.0.45.tgz",
			"integrity": "sha512-jnqIUKDUqJbDIUxm0Uj7bnlMnRm1T/eZ9N+AVMqhPgzrba2GhGG5o/jCTwmdPK709nEZsGoMzXEDUjcXHa3W0g==",
			"dev": true
		},
		"@types/node": {
			"version": "14.6.4",
			"resolved": "https://registry.npmjs.org/@types/node/-/node-14.6.4.tgz",
			"integrity": "sha512-Wk7nG1JSaMfMpoMJDKUsWYugliB2Vy55pdjLpmLixeyMi7HizW2I/9QoxsPCkXl3dO+ZOVqPumKaDUv5zJu2uQ==",
			"dev": true
		},
		"@types/resolve": {
			"version": "0.0.8",
			"resolved": "https://registry.npmjs.org/@types/resolve/-/resolve-0.0.8.tgz",
			"integrity": "sha512-auApPaJf3NPfe18hSoJkp8EbZzer2ISk7o8mCC3M9he/a04+gbMF97NkpD2S8riMGvm4BMRI59/SZQSaLTKpsQ==",
			"dev": true,
			"requires": {
				"@types/node": "*"
			}
		},
		"acorn": {
			"version": "7.4.0",
			"resolved": "https://registry.npmjs.org/acorn/-/acorn-7.4.0.tgz",
			"integrity": "sha512-+G7P8jJmCHr+S+cLfQxygbWhXy+8YTVGzAkpEbcLo2mLoL7tij/VG41QSHACSf5QgYRhMZYHuNc6drJaO0Da+w==",
			"dev": true
		},
		"ansi-styles": {
			"version": "3.2.1",
			"resolved": "https://registry.npmjs.org/ansi-styles/-/ansi-styles-3.2.1.tgz",
			"integrity": "sha512-VT0ZI6kZRdTh8YyJw3SMbYm/u+NqfsAxEpWO0Pf9sq8/e94WxxOpPKx9FR1FlyCtOVDNOQ+8ntlqFxiRc+r5qA==",
			"dev": true,
			"requires": {
				"color-convert": "^1.9.0"
			}
		},
		"buffer-from": {
			"version": "1.1.1",
			"resolved": "https://registry.npmjs.org/buffer-from/-/buffer-from-1.1.1.tgz",
			"integrity": "sha512-MQcXEUbCKtEo7bhqEs6560Hyd4XaovZlO/k9V3hjVUF/zwW7KBVdSK4gIt/bzwS9MbR5qob+F5jusZsb0YQK2A==",
			"dev": true
		},
		"builtin-modules": {
			"version": "3.1.0",
			"resolved": "https://registry.npmjs.org/builtin-modules/-/builtin-modules-3.1.0.tgz",
			"integrity": "sha512-k0KL0aWZuBt2lrxrcASWDfwOLMnodeQjodT/1SxEQAXsHANgo6ZC/VEaSEHCXt7aSTZ4/4H5LKa+tBXmW7Vtvw==",
			"dev": true
		},
		"chalk": {
			"version": "2.4.2",
			"resolved": "https://registry.npmjs.org/chalk/-/chalk-2.4.2.tgz",
			"integrity": "sha512-Mti+f9lpJNcwF4tWV8/OrTTtF1gZi+f8FqlyAdouralcFWFQWF2+NgCHShjkCb+IFBLq9buZwE1xckQU4peSuQ==",
			"dev": true,
			"requires": {
				"ansi-styles": "^3.2.1",
				"escape-string-regexp": "^1.0.5",
				"supports-color": "^5.3.0"
			}
		},
		"color-convert": {
			"version": "1.9.3",
			"resolved": "https://registry.npmjs.org/color-convert/-/color-convert-1.9.3.tgz",
			"integrity": "sha512-QfAUtd+vFdAtFQcC8CCyYt1fYWxSqAiK2cSD6zDB8N3cpsEBAvRxp9zOGg6G/SHHJYAT88/az/IuDGALsNVbGg==",
			"dev": true,
			"requires": {
				"color-name": "1.1.3"
			}
		},
		"color-name": {
			"version": "1.1.3",
			"resolved": "https://registry.npmjs.org/color-name/-/color-name-1.1.3.tgz",
			"integrity": "sha1-p9BVi9icQveV3UIyj3QIMcpTvCU=",
			"dev": true
		},
		"commander": {
			"version": "2.20.3",
			"resolved": "https://registry.npmjs.org/commander/-/commander-2.20.3.tgz",
			"integrity": "sha512-GpVkmM8vF2vQUkj2LvZmD35JxeJOLCwJ9cUkugyk2nuhbv3+mJvpLYYt+0+USMxE+oj+ey/lJEnhZw75x/OMcQ==",
			"dev": true
		},
		"escape-string-regexp": {
			"version": "1.0.5",
			"resolved": "https://registry.npmjs.org/escape-string-regexp/-/escape-string-regexp-1.0.5.tgz",
			"integrity": "sha1-G2HAViGQqN/2rjuyzwIAyhMLhtQ=",
			"dev": true
		},
		"estree-walker": {
			"version": "0.6.1",
			"resolved": "https://registry.npmjs.org/estree-walker/-/estree-walker-0.6.1.tgz",
			"integrity": "sha512-SqmZANLWS0mnatqbSfRP5g8OXZC12Fgg1IwNtLsyHDzJizORW4khDfjPqJZsemPWBB2uqykUah5YpQ6epsqC/w==",
			"dev": true
		},
		"eventemitter3": {
			"version": "4.0.7",
			"resolved": "https://registry.npmjs.org/eventemitter3/-/eventemitter3-4.0.7.tgz",
			"integrity": "sha512-8guHBZCwKnFhYdHr2ysuRWErTwhoN2X8XELRlrRwpmfeY2jjuUN4taQMsULKUVo1K4DvZl+0pgfyoysHxvmvEw==",
			"dev": true
		},
		"follow-redirects": {
			"version": "1.13.0",
			"resolved": "https://registry.npmjs.org/follow-redirects/-/follow-redirects-1.13.0.tgz",
			"integrity": "sha512-aq6gF1BEKje4a9i9+5jimNFIpq4Q1WiwBToeRK5NvZBd/TRsmW8BsJfOEGkr76TbOyPVD3OVDN910EcUNtRYEA==",
			"dev": true
		},
		"has-flag": {
			"version": "3.0.0",
			"resolved": "https://registry.npmjs.org/has-flag/-/has-flag-3.0.0.tgz",
			"integrity": "sha1-tdRU3CGZriJWmfNGfloH87lVuv0=",
			"dev": true
		},
		"http-proxy": {
			"version": "1.18.1",
			"resolved": "https://registry.npmjs.org/http-proxy/-/http-proxy-1.18.1.tgz",
			"integrity": "sha512-7mz/721AbnJwIVbnaSv1Cz3Am0ZLT/UBwkC92VlxhXv/k/BBQfM2fXElQNC27BVGr0uwUpplYPQM9LnaBMR5NQ==",
			"dev": true,
			"requires": {
				"eventemitter3": "^4.0.0",
				"follow-redirects": "^1.0.0",
				"requires-port": "^1.0.0"
			}
		},
		"http-server": {
			"version": "0.11.1",
			"resolved": "https://registry.npmjs.org/http-server/-/http-server-0.11.1.tgz",
			"integrity": "sha512-6JeGDGoujJLmhjiRGlt8yK8Z9Kl0vnl/dQoQZlc4oeqaUoAKQg94NILLfrY3oWzSyFaQCVNTcKE5PZ3cH8VP9w==",
			"dev": true,
			"requires": {
				"colors": "1.0.3",
				"corser": "~2.0.0",
				"ecstatic": "^3.0.0",
				"http-proxy": "^1.8.1",
				"opener": "~1.4.0",
				"optimist": "0.6.x",
				"portfinder": "^1.0.13",
				"union": "~0.4.3"
			},
			"dependencies": {
				"async": {
					"version": "1.5.2",
					"resolved": "https://registry.npmjs.org/async/-/async-1.5.2.tgz",
					"integrity": "sha1-7GphrlZIDAw8skHJVhjiCJL5Zyo=",
					"dev": true
				},
				"colors": {
					"version": "1.0.3",
					"resolved": "https://registry.npmjs.org/colors/-/colors-1.0.3.tgz",
					"integrity": "sha1-BDP0TYCWgP3rYO0mDxsMJi6CpAs=",
					"dev": true
				},
				"corser": {
					"version": "2.0.1",
					"resolved": "https://registry.npmjs.org/corser/-/corser-2.0.1.tgz",
					"integrity": "sha1-jtolLsqrWEDc2XXOuQ2TcMgZ/4c=",
					"dev": true
				},
				"debug": {
					"version": "3.2.6",
					"resolved": "https://registry.npmjs.org/debug/-/debug-3.2.6.tgz",
					"integrity": "sha512-mel+jf7nrtEl5Pn1Qx46zARXKDpBbvzezse7p7LqINmdoIk8PYP5SySaxEmYv6TZ0JyEKA1hsCId6DIhgITtWQ==",
					"requires": {
						"ms": "^2.1.1"
					}
				},
				"ecstatic": {
					"version": "3.3.2",
					"resolved": "https://registry.npmjs.org/ecstatic/-/ecstatic-3.3.2.tgz",
					"integrity": "sha512-fLf9l1hnwrHI2xn9mEDT7KIi22UDqA2jaCwyCbSUJh9a1V+LEUSL/JO/6TIz/QyuBURWUHrFL5Kg2TtO1bkkog==",
					"dev": true,
					"requires": {
						"he": "^1.1.1",
						"mime": "^1.6.0",
						"minimist": "^1.1.0",
						"url-join": "^2.0.5"
					}
				},
				"eventemitter3": {
					"version": "3.1.2",
					"resolved": "https://registry.npmjs.org/eventemitter3/-/eventemitter3-3.1.2.tgz",
					"integrity": "sha512-tvtQIeLVHjDkJYnzf2dgVMxfuSGJeM/7UCG17TT4EumTfNtF+0nebF/4zWOIkCreAbtNqhGEboB6BWrwqNaw4Q=="
				},
				"follow-redirects": {
					"version": "1.7.0",
					"resolved": "https://registry.npmjs.org/follow-redirects/-/follow-redirects-1.7.0.tgz",
					"integrity": "sha512-m/pZQy4Gj287eNy94nivy5wchN3Kp+Q5WgUPNy5lJSZ3sgkVKSYV/ZChMAQVIgx1SqfZ2zBZtPA2YlXIWxxJOQ==",
					"requires": {
						"debug": "^3.2.6"
					}
				},
				"he": {
					"version": "1.2.0",
					"resolved": "https://registry.npmjs.org/he/-/he-1.2.0.tgz",
					"integrity": "sha512-F/1DnUGPopORZi0ni+CvrCgHQ5FyEAHRLSApuYWMmrbSwoN2Mn/7k+Gl38gJnR7yyDZk6WLXwiGod1JOWNDKGw==",
					"dev": true
				},
				"mime": {
					"version": "1.6.0",
					"resolved": "https://registry.npmjs.org/mime/-/mime-1.6.0.tgz",
					"integrity": "sha512-x0Vn8spI+wuJ1O6S7gnbaQg8Pxh4NNHb7KSINmEWKiPE4RKOplvijn+NkmYmmRgP68mc70j2EbeTFRsrswaQeg==",
					"dev": true
				},
				"minimist": {
					"version": "1.2.0",
					"resolved": "https://registry.npmjs.org/minimist/-/minimist-1.2.0.tgz",
					"integrity": "sha1-o1AIsg9BOD7sH7kU9M1d95omQoQ=",
					"dev": true
				},
				"mkdirp": {
					"version": "0.5.1",
					"resolved": "https://registry.npmjs.org/mkdirp/-/mkdirp-0.5.1.tgz",
					"integrity": "sha1-MAV0OOrGz3+MR2fzhkjWaX11yQM=",
					"dev": true,
					"requires": {
						"minimist": "0.0.8"
					},
					"dependencies": {
						"minimist": {
							"version": "0.0.8",
							"resolved": "https://registry.npmjs.org/minimist/-/minimist-0.0.8.tgz",
							"integrity": "sha1-hX/Kv8M5fSYluCKCYuhqp6ARsF0=",
							"dev": true
						}
					}
				},
				"ms": {
					"version": "2.1.2",
					"resolved": "https://registry.npmjs.org/ms/-/ms-2.1.2.tgz",
					"integrity": "sha512-sGkPx+VjMtmA6MX27oA4FBFELFCZZ4S4XqeGOXCv68tT+jb3vk/RyaKWP0PTKyWtmLSM0b+adUTEvbs1PEaH2w=="
				},
				"opener": {
					"version": "1.4.3",
					"resolved": "https://registry.npmjs.org/opener/-/opener-1.4.3.tgz",
					"integrity": "sha1-XG2ixdflgx6P+jlklQ+NZnSskLg=",
					"dev": true
				},
				"optimist": {
					"version": "0.6.1",
					"resolved": "https://registry.npmjs.org/optimist/-/optimist-0.6.1.tgz",
					"integrity": "sha1-2j6nRob6IaGaERwybpDrFaAZZoY=",
					"dev": true,
					"requires": {
						"minimist": "~0.0.1",
						"wordwrap": "~0.0.2"
					},
					"dependencies": {
						"minimist": {
							"version": "0.0.10",
							"resolved": "https://registry.npmjs.org/minimist/-/minimist-0.0.10.tgz",
							"integrity": "sha1-3j+YVD2/lggr5IrRoMfNqDYwHc8=",
							"dev": true
						}
					}
				},
				"portfinder": {
					"version": "1.0.21",
					"resolved": "https://registry.npmjs.org/portfinder/-/portfinder-1.0.21.tgz",
					"integrity": "sha512-ESabpDCzmBS3ekHbmpAIiESq3udRsCBGiBZLsC+HgBKv2ezb0R4oG+7RnYEVZ/ZCfhel5Tx3UzdNWA0Lox2QCA==",
					"dev": true,
					"requires": {
						"async": "^1.5.2",
						"debug": "^2.2.0",
						"mkdirp": "0.5.x"
					},
					"dependencies": {
						"debug": {
							"version": "2.6.9",
							"resolved": "https://registry.npmjs.org/debug/-/debug-2.6.9.tgz",
							"integrity": "sha512-bC7ElrdJaJnPbAP+1EotYvqZsb3ecl5wi6Bfi6BJTUcNowp6cvspg0jXznRTKDjm/E7AdgFBVeAPVMNcKGsHMA==",
							"dev": true,
							"requires": {
								"ms": "2.0.0"
							}
						},
						"ms": {
							"version": "2.0.0",
							"resolved": "https://registry.npmjs.org/ms/-/ms-2.0.0.tgz",
							"integrity": "sha1-VgiurfwAvmwpAd9fmGF4jeDVl8g=",
							"dev": true
						}
					}
				},
				"qs": {
					"version": "2.3.3",
					"resolved": "https://registry.npmjs.org/qs/-/qs-2.3.3.tgz",
					"integrity": "sha1-6eha2+ddoLvkyOBHaghikPhjtAQ=",
					"dev": true
				},
				"requires-port": {
					"version": "1.0.0",
					"resolved": "https://registry.npmjs.org/requires-port/-/requires-port-1.0.0.tgz",
					"integrity": "sha1-kl0mAdOaxIXgkc8NpcbmlNw9yv8="
				},
				"union": {
					"version": "0.4.6",
					"resolved": "https://registry.npmjs.org/union/-/union-0.4.6.tgz",
					"integrity": "sha1-GY+9rrolTniLDvy2MLwR8kopWeA=",
					"dev": true,
					"requires": {
						"qs": "~2.3.3"
					}
				},
				"url-join": {
					"version": "2.0.5",
					"resolved": "https://registry.npmjs.org/url-join/-/url-join-2.0.5.tgz",
					"integrity": "sha1-WvIvGMBSoACkjXuCxenC4v7tpyg=",
					"dev": true
				},
				"wordwrap": {
					"version": "0.0.3",
					"resolved": "https://registry.npmjs.org/wordwrap/-/wordwrap-0.0.3.tgz",
					"integrity": "sha1-o9XabNXAvAAI03I0u68b7WMFkQc=",
					"dev": true
				}
			}
		},
		"is-module": {
			"version": "1.0.0",
			"resolved": "https://registry.npmjs.org/is-module/-/is-module-1.0.0.tgz",
			"integrity": "sha1-Mlj7afeMFNW4FdZkM2tM/7ZEFZE=",
			"dev": true
		},
		"jest-worker": {
			"version": "24.9.0",
			"resolved": "https://registry.npmjs.org/jest-worker/-/jest-worker-24.9.0.tgz",
			"integrity": "sha512-51PE4haMSXcHohnSMdM42anbvZANYTqMrr52tVKPqqsPJMzoP6FYYDVqahX/HrAoKEKz3uUPzSvKs9A3qR4iVw==",
			"dev": true,
			"requires": {
				"merge-stream": "^2.0.0",
				"supports-color": "^6.1.0"
			},
			"dependencies": {
				"supports-color": {
					"version": "6.1.0",
					"resolved": "https://registry.npmjs.org/supports-color/-/supports-color-6.1.0.tgz",
					"integrity": "sha512-qe1jfm1Mg7Nq/NSh6XE24gPXROEVsWHxC1LIx//XNlD9iw7YZQGjZNjYN7xGaEG6iKdA8EtNFW6R0gjnVXp+wQ==",
					"dev": true,
					"requires": {
						"has-flag": "^3.0.0"
					}
				}
			}
		},
		"js-tokens": {
			"version": "4.0.0",
			"resolved": "https://registry.npmjs.org/js-tokens/-/js-tokens-4.0.0.tgz",
			"integrity": "sha512-RdJUflcE3cUzKiMqQgsCu06FPu9UdIJO0beYbPhHN4k6apgJtifcoCtT9bcxOpYBtpD2kCM6Sbzg4CausW/PKQ==",
			"dev": true
		},
		"lit-element": {
			"version": "2.4.0",
			"resolved": "https://registry.npmjs.org/lit-element/-/lit-element-2.4.0.tgz",
			"integrity": "sha512-pBGLglxyhq/Prk2H91nA0KByq/hx/wssJBQFiYqXhGDvEnY31PRGYf1RglVzyLeRysu0IHm2K0P196uLLWmwFg==",
			"requires": {
				"lit-html": "^1.1.1"
			}
		},
		"lit-html": {
			"version": "1.3.0",
			"resolved": "https://registry.npmjs.org/lit-html/-/lit-html-1.3.0.tgz",
			"integrity": "sha512-0Q1bwmaFH9O14vycPHw8C/IeHMk/uSDldVLIefu/kfbTBGIc44KGH6A8p1bDfxUfHdc8q6Ct7kQklWoHgr4t1Q=="
		},
		"merge-stream": {
			"version": "2.0.0",
			"resolved": "https://registry.npmjs.org/merge-stream/-/merge-stream-2.0.0.tgz",
			"integrity": "sha512-abv/qOcuPfk3URPfDzmZU1LKmuw8kT+0nIHvKrKgFrwifol/doWcdA4ZqsWQ8ENrFKkd67Mfpo/LovbIUsbt3w==",
			"dev": true
		},
		"path-parse": {
			"version": "1.0.6",
			"resolved": "https://registry.npmjs.org/path-parse/-/path-parse-1.0.6.tgz",
			"integrity": "sha512-GSmOT2EbHrINBf9SR7CDELwlJ8AENk3Qn7OikK4nFYAu3Ote2+JYNVvkpAEQm3/TLNEJFD/xZJjzyxg3KBWOzw==",
			"dev": true
		},
		"randombytes": {
			"version": "2.1.0",
			"resolved": "https://registry.npmjs.org/randombytes/-/randombytes-2.1.0.tgz",
			"integrity": "sha512-vYl3iOX+4CKUWuxGi9Ukhie6fsqXqS9FE2Zaic4tNFD2N2QQaXOMFbuKK4QmDHC0JO6B1Zp41J0LpT0oR68amQ==",
			"dev": true,
			"requires": {
				"safe-buffer": "^5.1.0"
			}
		},
		"requires-port": {
			"version": "1.0.0",
			"resolved": "https://registry.npmjs.org/requires-port/-/requires-port-1.0.0.tgz",
			"integrity": "sha1-kl0mAdOaxIXgkc8NpcbmlNw9yv8=",
			"dev": true
		},
		"resolve": {
			"version": "1.17.0",
			"resolved": "https://registry.npmjs.org/resolve/-/resolve-1.17.0.tgz",
			"integrity": "sha512-ic+7JYiV8Vi2yzQGFWOkiZD5Z9z7O2Zhm9XMaTxdJExKasieFCr+yXZ/WmXsckHiKl12ar0y6XiXDx3m4RHn1w==",
			"dev": true,
			"requires": {
				"path-parse": "^1.0.6"
			}
		},
		"rollup": {
			"version": "1.32.1",
			"resolved": "https://registry.npmjs.org/rollup/-/rollup-1.32.1.tgz",
			"integrity": "sha512-/2HA0Ec70TvQnXdzynFffkjA6XN+1e2pEv/uKS5Ulca40g2L7KuOE3riasHoNVHOsFD5KKZgDsMk1CP3Tw9s+A==",
			"dev": true,
			"requires": {
				"@types/estree": "*",
				"@types/node": "*",
				"acorn": "^7.1.0"
			}
		},
		"rollup-plugin-node-resolve": {
			"version": "4.2.4",
			"resolved": "https://registry.npmjs.org/rollup-plugin-node-resolve/-/rollup-plugin-node-resolve-4.2.4.tgz",
			"integrity": "sha512-t/64I6l7fZ9BxqD3XlX4ZeO6+5RLKyfpwE2CiPNUKa+GocPlQhf/C208ou8y3AwtNsc6bjSk/8/6y/YAyxCIvw==",
			"dev": true,
			"requires": {
				"@types/resolve": "0.0.8",
				"builtin-modules": "^3.1.0",
				"is-module": "^1.0.0",
				"resolve": "^1.10.0"
			}
		},
		"rollup-plugin-terser": {
			"version": "5.3.1",
			"resolved": "https://registry.npmjs.org/rollup-plugin-terser/-/rollup-plugin-terser-5.3.1.tgz",
			"integrity": "sha512-1pkwkervMJQGFYvM9nscrUoncPwiKR/K+bHdjv6PFgRo3cgPHoRT83y2Aa3GvINj4539S15t/tpFPb775TDs6w==",
			"dev": true,
			"requires": {
				"@babel/code-frame": "^7.5.5",
				"jest-worker": "^24.9.0",
				"rollup-pluginutils": "^2.8.2",
				"serialize-javascript": "^4.0.0",
				"terser": "^4.6.2"
			}
		},
		"rollup-pluginutils": {
			"version": "2.8.2",
			"resolved": "https://registry.npmjs.org/rollup-pluginutils/-/rollup-pluginutils-2.8.2.tgz",
			"integrity": "sha512-EEp9NhnUkwY8aif6bxgovPHMoMoNr2FulJziTndpt5H9RdwC47GSGuII9XxpSdzVGM0GWrNPHV6ie1LTNJPaLQ==",
			"dev": true,
			"requires": {
				"estree-walker": "^0.6.1"
			}
		},
		"safe-buffer": {
			"version": "5.2.1",
			"resolved": "https://registry.npmjs.org/safe-buffer/-/safe-buffer-5.2.1.tgz",
			"integrity": "sha512-rp3So07KcdmmKbGvgaNxQSJr7bGVSVk5S9Eq1F+ppbRo70+YeaDxkw5Dd8NPN+GD6bjnYm2VuPuCXmpuYvmCXQ==",
			"dev": true
		},
		"serialize-javascript": {
			"version": "4.0.0",
			"resolved": "https://registry.npmjs.org/serialize-javascript/-/serialize-javascript-4.0.0.tgz",
			"integrity": "sha512-GaNA54380uFefWghODBWEGisLZFj00nS5ACs6yHa9nLqlLpVLO8ChDGeKRjZnV4Nh4n0Qi7nhYZD/9fCPzEqkw==",
			"dev": true,
			"requires": {
				"randombytes": "^2.1.0"
			}
		},
		"source-map": {
			"version": "0.6.1",
			"resolved": "https://registry.npmjs.org/source-map/-/source-map-0.6.1.tgz",
			"integrity": "sha512-UjgapumWlbMhkBgzT7Ykc5YXUT46F0iKu8SGXq0bcwP5dz/h0Plj6enJqjz1Zbq2l5WaqYnrVbwWOWMyF3F47g==",
			"dev": true
		},
		"source-map-support": {
			"version": "0.5.19",
			"resolved": "https://registry.npmjs.org/source-map-support/-/source-map-support-0.5.19.tgz",
			"integrity": "sha512-Wonm7zOCIJzBGQdB+thsPar0kYuCIzYvxZwlBa87yi/Mdjv7Tip2cyVbLj5o0cFPN4EVkuTwb3GDDyUx2DGnGw==",
			"dev": true,
			"requires": {
				"buffer-from": "^1.0.0",
				"source-map": "^0.6.0"
			}
		},
		"supports-color": {
			"version": "5.5.0",
			"resolved": "https://registry.npmjs.org/supports-color/-/supports-color-5.5.0.tgz",
			"integrity": "sha512-QjVjwdXIt408MIiAqCX4oUKsgU2EqAGzs2Ppkm4aQYbjm+ZEWEcW4SfFNTr4uMNZma0ey4f5lgLrkB0aX0QMow==",
			"dev": true,
			"requires": {
				"has-flag": "^3.0.0"
			}
		},
		"terser": {
			"version": "4.8.0",
			"resolved": "https://registry.npmjs.org/terser/-/terser-4.8.0.tgz",
			"integrity": "sha512-EAPipTNeWsb/3wLPeup1tVPaXfIaU68xMnVdPafIL1TV05OhASArYyIfFvnvJCNrR2NIOvDVNNTFRa+Re2MWyw==",
			"dev": true,
			"requires": {
				"commander": "^2.20.0",
				"source-map": "~0.6.1",
				"source-map-support": "~0.5.12"
			}
		}
	}
}
